// !$*UTF8*$!
{
	archiveVersion = 1;
	classes = {
	};
	objectVersion = 52;
	objects = {

/* Begin PBXBuildFile section */
		5321FAF425A353DF00B5DA9D /* WidgetKit.framework in Frameworks */ = {isa = PBXBuildFile; fileRef = 5321FAF325A353DF00B5DA9D /* WidgetKit.framework */; };
		5321FAF625A353DF00B5DA9D /* SwiftUI.framework in Frameworks */ = {isa = PBXBuildFile; fileRef = 5321FAF525A353DF00B5DA9D /* SwiftUI.framework */; };
		5321FAF925A353DF00B5DA9D /* HypedList2iOSWidget.swift in Sources */ = {isa = PBXBuildFile; fileRef = 5321FAF825A353DF00B5DA9D /* HypedList2iOSWidget.swift */; };
		5321FAFC25A353E100B5DA9D /* Assets.xcassets in Resources */ = {isa = PBXBuildFile; fileRef = 5321FAFB25A353E100B5DA9D /* Assets.xcassets */; };
		5321FAFE25A353E100B5DA9D /* HypedList2iOSWidget.intentdefinition in Sources */ = {isa = PBXBuildFile; fileRef = 5321FAFA25A353DF00B5DA9D /* HypedList2iOSWidget.intentdefinition */; };
		5321FAFF25A353E100B5DA9D /* HypedList2iOSWidget.intentdefinition in Sources */ = {isa = PBXBuildFile; fileRef = 5321FAFA25A353DF00B5DA9D /* HypedList2iOSWidget.intentdefinition */; };
		5321FB0225A353E100B5DA9D /* HypedList2iOSWidgetExtension.appex in Embed App Extensions */ = {isa = PBXBuildFile; fileRef = 5321FAF225A353DF00B5DA9D /* HypedList2iOSWidgetExtension.appex */; settings = {ATTRIBUTES = (RemoveHeadersOnCopy, ); }; };
		532506E9259B7A6800016B74 /* PastView.swift in Sources */ = {isa = PBXBuildFile; fileRef = 532506E8259B7A6800016B74 /* PastView.swift */; };
		53265F3D25ACAEC7008BFF56 /* MainView.swift in Sources */ = {isa = PBXBuildFile; fileRef = 53265F3C25ACAEC7008BFF56 /* MainView.swift */; };
		53265F4B25ACB2EB008BFF56 /* HypedListSidebarView.swift in Sources */ = {isa = PBXBuildFile; fileRef = 53265F4A25ACB2EB008BFF56 /* HypedListSidebarView.swift */; };
		53287F5C259101380087A0B7 /* DataController.swift in Sources */ = {isa = PBXBuildFile; fileRef = 53287F5B259101380087A0B7 /* DataController.swift */; };
		5357629025A3DBF400F529A8 /* HypedEvent.swift in Sources */ = {isa = PBXBuildFile; fileRef = 537D6FA4258A823D00F6DDE7 /* HypedEvent.swift */; };
		5357629325A3DD0E00F529A8 /* DataController.swift in Sources */ = {isa = PBXBuildFile; fileRef = 53287F5B259101380087A0B7 /* DataController.swift */; };
		5357629725A3DD9700F529A8 /* UIColor_Hex_Swift in Frameworks */ = {isa = PBXBuildFile; productRef = 5357629625A3DD9700F529A8 /* UIColor_Hex_Swift */; };
		5357629925A3DE6200F529A8 /* SwiftDate in Frameworks */ = {isa = PBXBuildFile; productRef = 5357629825A3DE6200F529A8 /* SwiftDate */; };
		536B221125E547DB00FF842A /* WatchToPhoneDataController.swift in Sources */ = {isa = PBXBuildFile; fileRef = 536B221025E547DB00FF842A /* WatchToPhoneDataController.swift */; };
		536E003B259F9AEB007EC0FC /* HypedEventDetailView.swift in Sources */ = {isa = PBXBuildFile; fileRef = 536E003A259F9AEB007EC0FC /* HypedEventDetailView.swift */; };
		537D6F8E258A757F00F6DDE7 /* HypedList2App.swift in Sources */ = {isa = PBXBuildFile; fileRef = 537D6F8D258A757F00F6DDE7 /* HypedList2App.swift */; };
		537D6F90258A757F00F6DDE7 /* HypedListTabView.swift in Sources */ = {isa = PBXBuildFile; fileRef = 537D6F8F258A757F00F6DDE7 /* HypedListTabView.swift */; };
		537D6F92258A758200F6DDE7 /* Assets.xcassets in Resources */ = {isa = PBXBuildFile; fileRef = 537D6F91258A758200F6DDE7 /* Assets.xcassets */; };
		537D6F95258A758200F6DDE7 /* Preview Assets.xcassets in Resources */ = {isa = PBXBuildFile; fileRef = 537D6F94258A758200F6DDE7 /* Preview Assets.xcassets */; };
		537D6F9F258A779600F6DDE7 /* UpcomingView.swift in Sources */ = {isa = PBXBuildFile; fileRef = 537D6F9E258A779600F6DDE7 /* UpcomingView.swift */; };
		537D6FA2258A813900F6DDE7 /* CreateHypedEventView.swift in Sources */ = {isa = PBXBuildFile; fileRef = 537D6FA1258A813900F6DDE7 /* CreateHypedEventView.swift */; };
		537D6FA5258A823D00F6DDE7 /* HypedEvent.swift in Sources */ = {isa = PBXBuildFile; fileRef = 537D6FA4258A823D00F6DDE7 /* HypedEvent.swift */; };
		537D6FA8258A8C2200F6DDE7 /* LabelView.swift in Sources */ = {isa = PBXBuildFile; fileRef = 537D6FA7258A8C2200F6DDE7 /* LabelView.swift */; };
		537D6FAB258A934B00F6DDE7 /* ImagePicker.swift in Sources */ = {isa = PBXBuildFile; fileRef = 537D6FAA258A934B00F6DDE7 /* ImagePicker.swift */; };
		537D6FAE258ADD6800F6DDE7 /* HypedEventTileView.swift in Sources */ = {isa = PBXBuildFile; fileRef = 537D6FAD258ADD6800F6DDE7 /* HypedEventTileView.swift */; };
		5380523725DEC6AA0015F35A /* PhoneToWatchDataController.swift in Sources */ = {isa = PBXBuildFile; fileRef = 5380523625DEC6AA0015F35A /* PhoneToWatchDataController.swift */; };
		5380523C25DECBB00015F35A /* PhoneToWatchDataController.swift in Sources */ = {isa = PBXBuildFile; fileRef = 5380523625DEC6AA0015F35A /* PhoneToWatchDataController.swift */; };
		538CF2AD2592951100A7360F /* UIColor_Hex_Swift in Frameworks */ = {isa = PBXBuildFile; productRef = 538CF2AC2592951100A7360F /* UIColor_Hex_Swift */; };
		53A8BDC2258BC65F009D7468 /* SwiftDate in Frameworks */ = {isa = PBXBuildFile; productRef = 53A8BDC1258BC65F009D7468 /* SwiftDate */; };
		53C854A5259E0B7300D018F4 /* DiscoverView.swift in Sources */ = {isa = PBXBuildFile; fileRef = 53C854A4259E0B7300D018F4 /* DiscoverView.swift */; };
		53E85DB7259B751A00321702 /* HypedEventListView.swift in Sources */ = {isa = PBXBuildFile; fileRef = 53E85DB6259B751A00321702 /* HypedEventListView.swift */; };
		53F20E7F25C0707200E202C5 /* Assets.xcassets in Resources */ = {isa = PBXBuildFile; fileRef = 53F20E7E25C0707200E202C5 /* Assets.xcassets */; };
		53F20E8625C0707300E202C5 /* HypedListWatch Extension.appex in Embed App Extensions */ = {isa = PBXBuildFile; fileRef = 53F20E8525C0707300E202C5 /* HypedListWatch Extension.appex */; settings = {ATTRIBUTES = (RemoveHeadersOnCopy, ); }; };
		53F20E8B25C0707300E202C5 /* ContentView.swift in Sources */ = {isa = PBXBuildFile; fileRef = 53F20E8A25C0707300E202C5 /* ContentView.swift */; };
		53F20E8D25C0707300E202C5 /* HypedList2App.swift in Sources */ = {isa = PBXBuildFile; fileRef = 53F20E8C25C0707300E202C5 /* HypedList2App.swift */; };
		53F20E8F25C0707300E202C5 /* ComplicationController.swift in Sources */ = {isa = PBXBuildFile; fileRef = 53F20E8E25C0707300E202C5 /* ComplicationController.swift */; };
		53F20E9125C0707400E202C5 /* Assets.xcassets in Resources */ = {isa = PBXBuildFile; fileRef = 53F20E9025C0707400E202C5 /* Assets.xcassets */; };
		53F20E9425C0707400E202C5 /* Preview Assets.xcassets in Resources */ = {isa = PBXBuildFile; fileRef = 53F20E9325C0707400E202C5 /* Preview Assets.xcassets */; };
		53F20E9825C0707500E202C5 /* HypedListWatch.app in Embed Watch Content */ = {isa = PBXBuildFile; fileRef = 53F20E7C25C0707000E202C5 /* HypedListWatch.app */; settings = {ATTRIBUTES = (RemoveHeadersOnCopy, ); }; };
		53F20EBA25C0734200E202C5 /* HypedEventWatchListView.swift in Sources */ = {isa = PBXBuildFile; fileRef = 53F20EB925C0734200E202C5 /* HypedEventWatchListView.swift */; };
		53F20EBF25C0741800E202C5 /* HypedEvent.swift in Sources */ = {isa = PBXBuildFile; fileRef = 537D6FA4258A823D00F6DDE7 /* HypedEvent.swift */; };
		53F20EC525C074B500E202C5 /* SwiftDate in Frameworks */ = {isa = PBXBuildFile; productRef = 53F20EC425C074B500E202C5 /* SwiftDate */; };
		53F20EC725C074BD00E202C5 /* UIColor_Hex_Swift in Frameworks */ = {isa = PBXBuildFile; productRef = 53F20EC625C074BD00E202C5 /* UIColor_Hex_Swift */; };
/* End PBXBuildFile section */

/* Begin PBXContainerItemProxy section */
		5321FB0025A353E100B5DA9D /* PBXContainerItemProxy */ = {
			isa = PBXContainerItemProxy;
			containerPortal = 537D6F82258A757F00F6DDE7 /* Project object */;
			proxyType = 1;
			remoteGlobalIDString = 5321FAF125A353DF00B5DA9D;
			remoteInfo = HypedList2iOSWidgetExtension;
		};
		53F20E8725C0707300E202C5 /* PBXContainerItemProxy */ = {
			isa = PBXContainerItemProxy;
			containerPortal = 537D6F82258A757F00F6DDE7 /* Project object */;
			proxyType = 1;
			remoteGlobalIDString = 53F20E8425C0707300E202C5;
			remoteInfo = "HypedListWatch Extension";
		};
		53F20E9625C0707500E202C5 /* PBXContainerItemProxy */ = {
			isa = PBXContainerItemProxy;
			containerPortal = 537D6F82258A757F00F6DDE7 /* Project object */;
			proxyType = 1;
			remoteGlobalIDString = 53F20E7B25C0707000E202C5;
			remoteInfo = HypedListWatch;
		};
/* End PBXContainerItemProxy section */

/* Begin PBXCopyFilesBuildPhase section */
		5321FB0625A353E100B5DA9D /* Embed App Extensions */ = {
			isa = PBXCopyFilesBuildPhase;
			buildActionMask = 2147483647;
			dstPath = "";
			dstSubfolderSpec = 13;
			files = (
				5321FB0225A353E100B5DA9D /* HypedList2iOSWidgetExtension.appex in Embed App Extensions */,
			);
			name = "Embed App Extensions";
			runOnlyForDeploymentPostprocessing = 0;
		};
		53F20E9C25C0707500E202C5 /* Embed App Extensions */ = {
			isa = PBXCopyFilesBuildPhase;
			buildActionMask = 2147483647;
			dstPath = "";
			dstSubfolderSpec = 13;
			files = (
				53F20E8625C0707300E202C5 /* HypedListWatch Extension.appex in Embed App Extensions */,
			);
			name = "Embed App Extensions";
			runOnlyForDeploymentPostprocessing = 0;
		};
		53F20EA025C0707500E202C5 /* Embed Watch Content */ = {
			isa = PBXCopyFilesBuildPhase;
			buildActionMask = 2147483647;
			dstPath = "$(CONTENTS_FOLDER_PATH)/Watch";
			dstSubfolderSpec = 16;
			files = (
				53F20E9825C0707500E202C5 /* HypedListWatch.app in Embed Watch Content */,
			);
			name = "Embed Watch Content";
			runOnlyForDeploymentPostprocessing = 0;
		};
/* End PBXCopyFilesBuildPhase section */

/* Begin PBXFileReference section */
		5321FAF225A353DF00B5DA9D /* HypedList2iOSWidgetExtension.appex */ = {isa = PBXFileReference; explicitFileType = "wrapper.app-extension"; includeInIndex = 0; path = HypedList2iOSWidgetExtension.appex; sourceTree = BUILT_PRODUCTS_DIR; };
		5321FAF325A353DF00B5DA9D /* WidgetKit.framework */ = {isa = PBXFileReference; lastKnownFileType = wrapper.framework; name = WidgetKit.framework; path = System/Library/Frameworks/WidgetKit.framework; sourceTree = SDKROOT; };
		5321FAF525A353DF00B5DA9D /* SwiftUI.framework */ = {isa = PBXFileReference; lastKnownFileType = wrapper.framework; name = SwiftUI.framework; path = System/Library/Frameworks/SwiftUI.framework; sourceTree = SDKROOT; };
		5321FAF825A353DF00B5DA9D /* HypedList2iOSWidget.swift */ = {isa = PBXFileReference; lastKnownFileType = sourcecode.swift; path = HypedList2iOSWidget.swift; sourceTree = "<group>"; };
		5321FAFA25A353DF00B5DA9D /* HypedList2iOSWidget.intentdefinition */ = {isa = PBXFileReference; lastKnownFileType = file.intentdefinition; path = HypedList2iOSWidget.intentdefinition; sourceTree = "<group>"; };
		5321FAFB25A353E100B5DA9D /* Assets.xcassets */ = {isa = PBXFileReference; lastKnownFileType = folder.assetcatalog; path = Assets.xcassets; sourceTree = "<group>"; };
		5321FAFD25A353E100B5DA9D /* Info.plist */ = {isa = PBXFileReference; lastKnownFileType = text.plist.xml; path = Info.plist; sourceTree = "<group>"; };
		532506E8259B7A6800016B74 /* PastView.swift */ = {isa = PBXFileReference; lastKnownFileType = sourcecode.swift; path = PastView.swift; sourceTree = "<group>"; };
		53265F3C25ACAEC7008BFF56 /* MainView.swift */ = {isa = PBXFileReference; lastKnownFileType = sourcecode.swift; path = MainView.swift; sourceTree = "<group>"; };
		53265F4A25ACB2EB008BFF56 /* HypedListSidebarView.swift */ = {isa = PBXFileReference; lastKnownFileType = sourcecode.swift; path = HypedListSidebarView.swift; sourceTree = "<group>"; };
		53287F5B259101380087A0B7 /* DataController.swift */ = {isa = PBXFileReference; lastKnownFileType = sourcecode.swift; path = DataController.swift; sourceTree = "<group>"; };
		536B221025E547DB00FF842A /* WatchToPhoneDataController.swift */ = {isa = PBXFileReference; lastKnownFileType = sourcecode.swift; path = WatchToPhoneDataController.swift; sourceTree = "<group>"; };
		536E003A259F9AEB007EC0FC /* HypedEventDetailView.swift */ = {isa = PBXFileReference; lastKnownFileType = sourcecode.swift; path = HypedEventDetailView.swift; sourceTree = "<group>"; };
		537D6F8A258A757F00F6DDE7 /* HypedList2iOS.app */ = {isa = PBXFileReference; explicitFileType = wrapper.application; includeInIndex = 0; path = HypedList2iOS.app; sourceTree = BUILT_PRODUCTS_DIR; };
		537D6F8D258A757F00F6DDE7 /* HypedList2App.swift */ = {isa = PBXFileReference; lastKnownFileType = sourcecode.swift; path = HypedList2App.swift; sourceTree = "<group>"; };
		537D6F8F258A757F00F6DDE7 /* HypedListTabView.swift */ = {isa = PBXFileReference; lastKnownFileType = sourcecode.swift; path = HypedListTabView.swift; sourceTree = "<group>"; };
		537D6F91258A758200F6DDE7 /* Assets.xcassets */ = {isa = PBXFileReference; lastKnownFileType = folder.assetcatalog; path = Assets.xcassets; sourceTree = "<group>"; };
		537D6F94258A758200F6DDE7 /* Preview Assets.xcassets */ = {isa = PBXFileReference; lastKnownFileType = folder.assetcatalog; path = "Preview Assets.xcassets"; sourceTree = "<group>"; };
		537D6F96258A758200F6DDE7 /* Info.plist */ = {isa = PBXFileReference; lastKnownFileType = text.plist.xml; path = Info.plist; sourceTree = "<group>"; };
		537D6F9E258A779600F6DDE7 /* UpcomingView.swift */ = {isa = PBXFileReference; lastKnownFileType = sourcecode.swift; path = UpcomingView.swift; sourceTree = "<group>"; };
		537D6FA1258A813900F6DDE7 /* CreateHypedEventView.swift */ = {isa = PBXFileReference; lastKnownFileType = sourcecode.swift; path = CreateHypedEventView.swift; sourceTree = "<group>"; };
		537D6FA4258A823D00F6DDE7 /* HypedEvent.swift */ = {isa = PBXFileReference; lastKnownFileType = sourcecode.swift; path = HypedEvent.swift; sourceTree = "<group>"; };
		537D6FA7258A8C2200F6DDE7 /* LabelView.swift */ = {isa = PBXFileReference; lastKnownFileType = sourcecode.swift; path = LabelView.swift; sourceTree = "<group>"; };
		537D6FAA258A934B00F6DDE7 /* ImagePicker.swift */ = {isa = PBXFileReference; lastKnownFileType = sourcecode.swift; path = ImagePicker.swift; sourceTree = "<group>"; };
		537D6FAD258ADD6800F6DDE7 /* HypedEventTileView.swift */ = {isa = PBXFileReference; lastKnownFileType = sourcecode.swift; path = HypedEventTileView.swift; sourceTree = "<group>"; };
		5380523625DEC6AA0015F35A /* PhoneToWatchDataController.swift */ = {isa = PBXFileReference; lastKnownFileType = sourcecode.swift; path = PhoneToWatchDataController.swift; sourceTree = "<group>"; };
		53C854A4259E0B7300D018F4 /* DiscoverView.swift */ = {isa = PBXFileReference; lastKnownFileType = sourcecode.swift; path = DiscoverView.swift; sourceTree = "<group>"; };
		53E85DB6259B751A00321702 /* HypedEventListView.swift */ = {isa = PBXFileReference; lastKnownFileType = sourcecode.swift; path = HypedEventListView.swift; sourceTree = "<group>"; };
		53ED463D25A8AEAB00AFBA74 /* HypedList2iOS.entitlements */ = {isa = PBXFileReference; lastKnownFileType = text.plist.entitlements; path = HypedList2iOS.entitlements; sourceTree = "<group>"; };
		53ED464025A8AF3800AFBA74 /* HypedList2iOSWidgetExtension.entitlements */ = {isa = PBXFileReference; lastKnownFileType = text.plist.entitlements; path = HypedList2iOSWidgetExtension.entitlements; sourceTree = "<group>"; };
		53F20E7C25C0707000E202C5 /* HypedListWatch.app */ = {isa = PBXFileReference; explicitFileType = wrapper.application; includeInIndex = 0; path = HypedListWatch.app; sourceTree = BUILT_PRODUCTS_DIR; };
		53F20E7E25C0707200E202C5 /* Assets.xcassets */ = {isa = PBXFileReference; lastKnownFileType = folder.assetcatalog; path = Assets.xcassets; sourceTree = "<group>"; };
		53F20E8025C0707200E202C5 /* Info.plist */ = {isa = PBXFileReference; lastKnownFileType = text.plist.xml; path = Info.plist; sourceTree = "<group>"; };
		53F20E8525C0707300E202C5 /* HypedListWatch Extension.appex */ = {isa = PBXFileReference; explicitFileType = "wrapper.app-extension"; includeInIndex = 0; path = "HypedListWatch Extension.appex"; sourceTree = BUILT_PRODUCTS_DIR; };
		53F20E8A25C0707300E202C5 /* ContentView.swift */ = {isa = PBXFileReference; lastKnownFileType = sourcecode.swift; path = ContentView.swift; sourceTree = "<group>"; };
		53F20E8C25C0707300E202C5 /* HypedList2App.swift */ = {isa = PBXFileReference; lastKnownFileType = sourcecode.swift; path = HypedList2App.swift; sourceTree = "<group>"; };
		53F20E8E25C0707300E202C5 /* ComplicationController.swift */ = {isa = PBXFileReference; lastKnownFileType = sourcecode.swift; path = ComplicationController.swift; sourceTree = "<group>"; };
		53F20E9025C0707400E202C5 /* Assets.xcassets */ = {isa = PBXFileReference; lastKnownFileType = folder.assetcatalog; path = Assets.xcassets; sourceTree = "<group>"; };
		53F20E9325C0707400E202C5 /* Preview Assets.xcassets */ = {isa = PBXFileReference; lastKnownFileType = folder.assetcatalog; path = "Preview Assets.xcassets"; sourceTree = "<group>"; };
		53F20E9525C0707400E202C5 /* Info.plist */ = {isa = PBXFileReference; lastKnownFileType = text.plist.xml; path = Info.plist; sourceTree = "<group>"; };
		53F20EB925C0734200E202C5 /* HypedEventWatchListView.swift */ = {isa = PBXFileReference; lastKnownFileType = sourcecode.swift; path = HypedEventWatchListView.swift; sourceTree = "<group>"; };
/* End PBXFileReference section */

/* Begin PBXFrameworksBuildPhase section */
		5321FAEF25A353DF00B5DA9D /* Frameworks */ = {
			isa = PBXFrameworksBuildPhase;
			buildActionMask = 2147483647;
			files = (
				5357629925A3DE6200F529A8 /* SwiftDate in Frameworks */,
				5357629725A3DD9700F529A8 /* UIColor_Hex_Swift in Frameworks */,
				5321FAF625A353DF00B5DA9D /* SwiftUI.framework in Frameworks */,
				5321FAF425A353DF00B5DA9D /* WidgetKit.framework in Frameworks */,
			);
			runOnlyForDeploymentPostprocessing = 0;
		};
		537D6F87258A757F00F6DDE7 /* Frameworks */ = {
			isa = PBXFrameworksBuildPhase;
			buildActionMask = 2147483647;
			files = (
				538CF2AD2592951100A7360F /* UIColor_Hex_Swift in Frameworks */,
				53A8BDC2258BC65F009D7468 /* SwiftDate in Frameworks */,
			);
			runOnlyForDeploymentPostprocessing = 0;
		};
		53F20E8225C0707300E202C5 /* Frameworks */ = {
			isa = PBXFrameworksBuildPhase;
			buildActionMask = 2147483647;
			files = (
				53F20EC725C074BD00E202C5 /* UIColor_Hex_Swift in Frameworks */,
				53F20EC525C074B500E202C5 /* SwiftDate in Frameworks */,
			);
			runOnlyForDeploymentPostprocessing = 0;
		};
/* End PBXFrameworksBuildPhase section */

/* Begin PBXGroup section */
		5321FAF725A353DF00B5DA9D /* HypedList2iOSWidget */ = {
			isa = PBXGroup;
			children = (
				53ED464025A8AF3800AFBA74 /* HypedList2iOSWidgetExtension.entitlements */,
				5321FAF825A353DF00B5DA9D /* HypedList2iOSWidget.swift */,
				5321FAFA25A353DF00B5DA9D /* HypedList2iOSWidget.intentdefinition */,
				5321FAFB25A353E100B5DA9D /* Assets.xcassets */,
				5321FAFD25A353E100B5DA9D /* Info.plist */,
			);
			path = HypedList2iOSWidget;
			sourceTree = "<group>";
		};
		537D6F81258A757F00F6DDE7 = {
			isa = PBXGroup;
			children = (
				537D6F8C258A757F00F6DDE7 /* HypedList2 */,
				5321FAF725A353DF00B5DA9D /* HypedList2iOSWidget */,
				53F20E7D25C0707000E202C5 /* HypedListWatch */,
				53F20E8925C0707300E202C5 /* HypedListWatch Extension */,
				537D6F8B258A757F00F6DDE7 /* Products */,
				53A8BDC0258BC65F009D7468 /* Frameworks */,
			);
			sourceTree = "<group>";
		};
		537D6F8B258A757F00F6DDE7 /* Products */ = {
			isa = PBXGroup;
			children = (
				537D6F8A258A757F00F6DDE7 /* HypedList2iOS.app */,
				5321FAF225A353DF00B5DA9D /* HypedList2iOSWidgetExtension.appex */,
				53F20E7C25C0707000E202C5 /* HypedListWatch.app */,
				53F20E8525C0707300E202C5 /* HypedListWatch Extension.appex */,
			);
			name = Products;
			sourceTree = "<group>";
		};
		537D6F8C258A757F00F6DDE7 /* HypedList2 */ = {
			isa = PBXGroup;
			children = (
				53ED463D25A8AEAB00AFBA74 /* HypedList2iOS.entitlements */,
				537D6F8D258A757F00F6DDE7 /* HypedList2App.swift */,
				53265F3C25ACAEC7008BFF56 /* MainView.swift */,
				537D6F8F258A757F00F6DDE7 /* HypedListTabView.swift */,
				53265F4A25ACB2EB008BFF56 /* HypedListSidebarView.swift */,
				538CF2AA2592919600A7360F /* Views */,
				538CF2A92592915700A7360F /* Data */,
				537D6F91258A758200F6DDE7 /* Assets.xcassets */,
				537D6F96258A758200F6DDE7 /* Info.plist */,
				537D6F93258A758200F6DDE7 /* Preview Content */,
			);
			path = HypedList2;
			sourceTree = "<group>";
		};
		537D6F93258A758200F6DDE7 /* Preview Content */ = {
			isa = PBXGroup;
			children = (
				537D6F94258A758200F6DDE7 /* Preview Assets.xcassets */,
			);
			path = "Preview Content";
			sourceTree = "<group>";
		};
		538CF2A92592915700A7360F /* Data */ = {
			isa = PBXGroup;
			children = (
				53287F5B259101380087A0B7 /* DataController.swift */,
				537D6FA4258A823D00F6DDE7 /* HypedEvent.swift */,
				5380523625DEC6AA0015F35A /* PhoneToWatchDataController.swift */,
			);
			path = Data;
			sourceTree = "<group>";
		};
		538CF2AA2592919600A7360F /* Views */ = {
			isa = PBXGroup;
			children = (
				537D6F9E258A779600F6DDE7 /* UpcomingView.swift */,
				537D6FA1258A813900F6DDE7 /* CreateHypedEventView.swift */,
				537D6FAD258ADD6800F6DDE7 /* HypedEventTileView.swift */,
				537D6FAA258A934B00F6DDE7 /* ImagePicker.swift */,
				537D6FA7258A8C2200F6DDE7 /* LabelView.swift */,
				53E85DB6259B751A00321702 /* HypedEventListView.swift */,
				532506E8259B7A6800016B74 /* PastView.swift */,
				53C854A4259E0B7300D018F4 /* DiscoverView.swift */,
				536E003A259F9AEB007EC0FC /* HypedEventDetailView.swift */,
			);
			path = Views;
			sourceTree = "<group>";
		};
		53A8BDC0258BC65F009D7468 /* Frameworks */ = {
			isa = PBXGroup;
			children = (
				5321FAF325A353DF00B5DA9D /* WidgetKit.framework */,
				5321FAF525A353DF00B5DA9D /* SwiftUI.framework */,
			);
			name = Frameworks;
			sourceTree = "<group>";
		};
		53F20E7D25C0707000E202C5 /* HypedListWatch */ = {
			isa = PBXGroup;
			children = (
				53F20E7E25C0707200E202C5 /* Assets.xcassets */,
				53F20E8025C0707200E202C5 /* Info.plist */,
			);
			path = HypedListWatch;
			sourceTree = "<group>";
		};
		53F20E8925C0707300E202C5 /* HypedListWatch Extension */ = {
			isa = PBXGroup;
			children = (
				53F20E8A25C0707300E202C5 /* ContentView.swift */,
				53F20E8C25C0707300E202C5 /* HypedList2App.swift */,
				53F20E8E25C0707300E202C5 /* ComplicationController.swift */,
				53F20E9025C0707400E202C5 /* Assets.xcassets */,
				53F20E9525C0707400E202C5 /* Info.plist */,
				53F20E9225C0707400E202C5 /* Preview Content */,
				53F20EB925C0734200E202C5 /* HypedEventWatchListView.swift */,
				536B221025E547DB00FF842A /* WatchToPhoneDataController.swift */,
			);
			path = "HypedListWatch Extension";
			sourceTree = "<group>";
		};
		53F20E9225C0707400E202C5 /* Preview Content */ = {
			isa = PBXGroup;
			children = (
				53F20E9325C0707400E202C5 /* Preview Assets.xcassets */,
			);
			path = "Preview Content";
			sourceTree = "<group>";
		};
/* End PBXGroup section */

/* Begin PBXNativeTarget section */
		5321FAF125A353DF00B5DA9D /* HypedList2iOSWidgetExtension */ = {
			isa = PBXNativeTarget;
			buildConfigurationList = 5321FB0325A353E100B5DA9D /* Build configuration list for PBXNativeTarget "HypedList2iOSWidgetExtension" */;
			buildPhases = (
				5321FAEE25A353DF00B5DA9D /* Sources */,
				5321FAEF25A353DF00B5DA9D /* Frameworks */,
				5321FAF025A353DF00B5DA9D /* Resources */,
			);
			buildRules = (
			);
			dependencies = (
			);
			name = HypedList2iOSWidgetExtension;
			packageProductDependencies = (
				5357629625A3DD9700F529A8 /* UIColor_Hex_Swift */,
				5357629825A3DE6200F529A8 /* SwiftDate */,
			);
			productName = HypedList2iOSWidgetExtension;
			productReference = 5321FAF225A353DF00B5DA9D /* HypedList2iOSWidgetExtension.appex */;
			productType = "com.apple.product-type.app-extension";
		};
		537D6F89258A757F00F6DDE7 /* HypedList2iOS */ = {
			isa = PBXNativeTarget;
			buildConfigurationList = 537D6F99258A758200F6DDE7 /* Build configuration list for PBXNativeTarget "HypedList2iOS" */;
			buildPhases = (
				537D6F86258A757F00F6DDE7 /* Sources */,
				537D6F87258A757F00F6DDE7 /* Frameworks */,
				537D6F88258A757F00F6DDE7 /* Resources */,
				5321FB0625A353E100B5DA9D /* Embed App Extensions */,
				53F20EA025C0707500E202C5 /* Embed Watch Content */,
			);
			buildRules = (
			);
			dependencies = (
				5321FB0125A353E100B5DA9D /* PBXTargetDependency */,
				53F20E9725C0707500E202C5 /* PBXTargetDependency */,
			);
			name = HypedList2iOS;
			packageProductDependencies = (
				53A8BDC1258BC65F009D7468 /* SwiftDate */,
				538CF2AC2592951100A7360F /* UIColor_Hex_Swift */,
			);
			productName = HypedList2;
			productReference = 537D6F8A258A757F00F6DDE7 /* HypedList2iOS.app */;
			productType = "com.apple.product-type.application";
		};
		53F20E7B25C0707000E202C5 /* HypedListWatch */ = {
			isa = PBXNativeTarget;
			buildConfigurationList = 53F20E9D25C0707500E202C5 /* Build configuration list for PBXNativeTarget "HypedListWatch" */;
			buildPhases = (
				53F20E7A25C0707000E202C5 /* Resources */,
				53F20E9C25C0707500E202C5 /* Embed App Extensions */,
			);
			buildRules = (
			);
			dependencies = (
				53F20E8825C0707300E202C5 /* PBXTargetDependency */,
			);
			name = HypedListWatch;
			productName = HypedListWatch;
			productReference = 53F20E7C25C0707000E202C5 /* HypedListWatch.app */;
			productType = "com.apple.product-type.application.watchapp2";
		};
		53F20E8425C0707300E202C5 /* HypedListWatch Extension */ = {
			isa = PBXNativeTarget;
			buildConfigurationList = 53F20E9925C0707500E202C5 /* Build configuration list for PBXNativeTarget "HypedListWatch Extension" */;
			buildPhases = (
				53F20E8125C0707300E202C5 /* Sources */,
				53F20E8225C0707300E202C5 /* Frameworks */,
				53F20E8325C0707300E202C5 /* Resources */,
			);
			buildRules = (
			);
			dependencies = (
			);
			name = "HypedListWatch Extension";
			packageProductDependencies = (
				53F20EC425C074B500E202C5 /* SwiftDate */,
				53F20EC625C074BD00E202C5 /* UIColor_Hex_Swift */,
			);
			productName = "HypedListWatch Extension";
			productReference = 53F20E8525C0707300E202C5 /* HypedListWatch Extension.appex */;
			productType = "com.apple.product-type.watchkit2-extension";
		};
/* End PBXNativeTarget section */

/* Begin PBXProject section */
		537D6F82258A757F00F6DDE7 /* Project object */ = {
			isa = PBXProject;
			attributes = {
				LastSwiftUpdateCheck = 1230;
				LastUpgradeCheck = 1230;
				TargetAttributes = {
					5321FAF125A353DF00B5DA9D = {
						CreatedOnToolsVersion = 12.3;
					};
					537D6F89258A757F00F6DDE7 = {
						CreatedOnToolsVersion = 12.3;
					};
					53F20E7B25C0707000E202C5 = {
						CreatedOnToolsVersion = 12.3;
					};
					53F20E8425C0707300E202C5 = {
						CreatedOnToolsVersion = 12.3;
					};
				};
			};
			buildConfigurationList = 537D6F85258A757F00F6DDE7 /* Build configuration list for PBXProject "HypedList2" */;
			compatibilityVersion = "Xcode 9.3";
			developmentRegion = en;
			hasScannedForEncodings = 0;
			knownRegions = (
				en,
				Base,
			);
			mainGroup = 537D6F81258A757F00F6DDE7;
			packageReferences = (
				53A8BDBE258BC18D009D7468 /* XCRemoteSwiftPackageReference "SwiftDate" */,
				538CF2AB2592951100A7360F /* XCRemoteSwiftPackageReference "UIColor-Hex-Swift" */,
			);
			productRefGroup = 537D6F8B258A757F00F6DDE7 /* Products */;
			projectDirPath = "";
			projectRoot = "";
			targets = (
				537D6F89258A757F00F6DDE7 /* HypedList2iOS */,
				5321FAF125A353DF00B5DA9D /* HypedList2iOSWidgetExtension */,
				53F20E7B25C0707000E202C5 /* HypedListWatch */,
				53F20E8425C0707300E202C5 /* HypedListWatch Extension */,
			);
		};
/* End PBXProject section */

/* Begin PBXResourcesBuildPhase section */
		5321FAF025A353DF00B5DA9D /* Resources */ = {
			isa = PBXResourcesBuildPhase;
			buildActionMask = 2147483647;
			files = (
				5321FAFC25A353E100B5DA9D /* Assets.xcassets in Resources */,
			);
			runOnlyForDeploymentPostprocessing = 0;
		};
		537D6F88258A757F00F6DDE7 /* Resources */ = {
			isa = PBXResourcesBuildPhase;
			buildActionMask = 2147483647;
			files = (
				537D6F95258A758200F6DDE7 /* Preview Assets.xcassets in Resources */,
				537D6F92258A758200F6DDE7 /* Assets.xcassets in Resources */,
			);
			runOnlyForDeploymentPostprocessing = 0;
		};
		53F20E7A25C0707000E202C5 /* Resources */ = {
			isa = PBXResourcesBuildPhase;
			buildActionMask = 2147483647;
			files = (
				53F20E7F25C0707200E202C5 /* Assets.xcassets in Resources */,
			);
			runOnlyForDeploymentPostprocessing = 0;
		};
		53F20E8325C0707300E202C5 /* Resources */ = {
			isa = PBXResourcesBuildPhase;
			buildActionMask = 2147483647;
			files = (
				53F20E9425C0707400E202C5 /* Preview Assets.xcassets in Resources */,
				53F20E9125C0707400E202C5 /* Assets.xcassets in Resources */,
			);
			runOnlyForDeploymentPostprocessing = 0;
		};
/* End PBXResourcesBuildPhase section */

/* Begin PBXSourcesBuildPhase section */
		5321FAEE25A353DF00B5DA9D /* Sources */ = {
			isa = PBXSourcesBuildPhase;
			buildActionMask = 2147483647;
			files = (
				5357629025A3DBF400F529A8 /* HypedEvent.swift in Sources */,
				5357629325A3DD0E00F529A8 /* DataController.swift in Sources */,
				5321FAFE25A353E100B5DA9D /* HypedList2iOSWidget.intentdefinition in Sources */,
				5321FAF925A353DF00B5DA9D /* HypedList2iOSWidget.swift in Sources */,
				5380523C25DECBB00015F35A /* PhoneToWatchDataController.swift in Sources */,
			);
			runOnlyForDeploymentPostprocessing = 0;
		};
		537D6F86258A757F00F6DDE7 /* Sources */ = {
			isa = PBXSourcesBuildPhase;
			buildActionMask = 2147483647;
			files = (
				53265F4B25ACB2EB008BFF56 /* HypedListSidebarView.swift in Sources */,
				537D6FAE258ADD6800F6DDE7 /* HypedEventTileView.swift in Sources */,
				537D6FA2258A813900F6DDE7 /* CreateHypedEventView.swift in Sources */,
				532506E9259B7A6800016B74 /* PastView.swift in Sources */,
				537D6FA5258A823D00F6DDE7 /* HypedEvent.swift in Sources */,
				5321FAFF25A353E100B5DA9D /* HypedList2iOSWidget.intentdefinition in Sources */,
				537D6F90258A757F00F6DDE7 /* HypedListTabView.swift in Sources */,
				536E003B259F9AEB007EC0FC /* HypedEventDetailView.swift in Sources */,
				53287F5C259101380087A0B7 /* DataController.swift in Sources */,
				537D6FAB258A934B00F6DDE7 /* ImagePicker.swift in Sources */,
				537D6F8E258A757F00F6DDE7 /* HypedList2App.swift in Sources */,
				537D6F9F258A779600F6DDE7 /* UpcomingView.swift in Sources */,
				53E85DB7259B751A00321702 /* HypedEventListView.swift in Sources */,
				537D6FA8258A8C2200F6DDE7 /* LabelView.swift in Sources */,
				53265F3D25ACAEC7008BFF56 /* MainView.swift in Sources */,
				5380523725DEC6AA0015F35A /* PhoneToWatchDataController.swift in Sources */,
				53C854A5259E0B7300D018F4 /* DiscoverView.swift in Sources */,
			);
			runOnlyForDeploymentPostprocessing = 0;
		};
		53F20E8125C0707300E202C5 /* Sources */ = {
			isa = PBXSourcesBuildPhase;
			buildActionMask = 2147483647;
			files = (
				536B221125E547DB00FF842A /* WatchToPhoneDataController.swift in Sources */,
				53F20E8B25C0707300E202C5 /* ContentView.swift in Sources */,
				53F20EBF25C0741800E202C5 /* HypedEvent.swift in Sources */,
				53F20E8D25C0707300E202C5 /* HypedList2App.swift in Sources */,
				53F20EBA25C0734200E202C5 /* HypedEventWatchListView.swift in Sources */,
				53F20E8F25C0707300E202C5 /* ComplicationController.swift in Sources */,
			);
			runOnlyForDeploymentPostprocessing = 0;
		};
/* End PBXSourcesBuildPhase section */

/* Begin PBXTargetDependency section */
		5321FB0125A353E100B5DA9D /* PBXTargetDependency */ = {
			isa = PBXTargetDependency;
			target = 5321FAF125A353DF00B5DA9D /* HypedList2iOSWidgetExtension */;
			targetProxy = 5321FB0025A353E100B5DA9D /* PBXContainerItemProxy */;
		};
		53F20E8825C0707300E202C5 /* PBXTargetDependency */ = {
			isa = PBXTargetDependency;
			target = 53F20E8425C0707300E202C5 /* HypedListWatch Extension */;
			targetProxy = 53F20E8725C0707300E202C5 /* PBXContainerItemProxy */;
		};
		53F20E9725C0707500E202C5 /* PBXTargetDependency */ = {
			isa = PBXTargetDependency;
			target = 53F20E7B25C0707000E202C5 /* HypedListWatch */;
			targetProxy = 53F20E9625C0707500E202C5 /* PBXContainerItemProxy */;
		};
/* End PBXTargetDependency section */

/* Begin XCBuildConfiguration section */
		5321FB0425A353E100B5DA9D /* Debug */ = {
			isa = XCBuildConfiguration;
			buildSettings = {
				ASSETCATALOG_COMPILER_GLOBAL_ACCENT_COLOR_NAME = AccentColor;
				ASSETCATALOG_COMPILER_WIDGET_BACKGROUND_COLOR_NAME = WidgetBackground;
				CODE_SIGN_ENTITLEMENTS = HypedList2iOSWidgetExtension.entitlements;
				CODE_SIGN_STYLE = Automatic;
				DEVELOPMENT_TEAM = 8GFL38QM4Q;
				INFOPLIST_FILE = HypedList2iOSWidget/Info.plist;
				LD_RUNPATH_SEARCH_PATHS = (
					"$(inherited)",
					"@executable_path/Frameworks",
					"@executable_path/../../Frameworks",
				);
				PRODUCT_BUNDLE_IDENTIFIER = com.CasaAdobeSoftware.HypedList2.HypedList2iOSWidget;
				PRODUCT_NAME = "$(TARGET_NAME)";
				SKIP_INSTALL = YES;
				SWIFT_VERSION = 5.0;
				TARGETED_DEVICE_FAMILY = "1,2";
			};
			name = Debug;
		};
		5321FB0525A353E100B5DA9D /* Release */ = {
			isa = XCBuildConfiguration;
			buildSettings = {
				ASSETCATALOG_COMPILER_GLOBAL_ACCENT_COLOR_NAME = AccentColor;
				ASSETCATALOG_COMPILER_WIDGET_BACKGROUND_COLOR_NAME = WidgetBackground;
				CODE_SIGN_ENTITLEMENTS = HypedList2iOSWidgetExtension.entitlements;
				CODE_SIGN_STYLE = Automatic;
				DEVELOPMENT_TEAM = 8GFL38QM4Q;
				INFOPLIST_FILE = HypedList2iOSWidget/Info.plist;
				LD_RUNPATH_SEARCH_PATHS = (
					"$(inherited)",
					"@executable_path/Frameworks",
					"@executable_path/../../Frameworks",
				);
				PRODUCT_BUNDLE_IDENTIFIER = com.CasaAdobeSoftware.HypedList2.HypedList2iOSWidget;
				PRODUCT_NAME = "$(TARGET_NAME)";
				SKIP_INSTALL = YES;
				SWIFT_VERSION = 5.0;
				TARGETED_DEVICE_FAMILY = "1,2";
			};
			name = Release;
		};
		537D6F97258A758200F6DDE7 /* Debug */ = {
			isa = XCBuildConfiguration;
			buildSettings = {
				ALWAYS_SEARCH_USER_PATHS = NO;
				CLANG_ANALYZER_NONNULL = YES;
				CLANG_ANALYZER_NUMBER_OBJECT_CONVERSION = YES_AGGRESSIVE;
				CLANG_CXX_LANGUAGE_STANDARD = "gnu++14";
				CLANG_CXX_LIBRARY = "libc++";
				CLANG_ENABLE_MODULES = YES;
				CLANG_ENABLE_OBJC_ARC = YES;
				CLANG_ENABLE_OBJC_WEAK = YES;
				CLANG_WARN_BLOCK_CAPTURE_AUTORELEASING = YES;
				CLANG_WARN_BOOL_CONVERSION = YES;
				CLANG_WARN_COMMA = YES;
				CLANG_WARN_CONSTANT_CONVERSION = YES;
				CLANG_WARN_DEPRECATED_OBJC_IMPLEMENTATIONS = YES;
				CLANG_WARN_DIRECT_OBJC_ISA_USAGE = YES_ERROR;
				CLANG_WARN_DOCUMENTATION_COMMENTS = YES;
				CLANG_WARN_EMPTY_BODY = YES;
				CLANG_WARN_ENUM_CONVERSION = YES;
				CLANG_WARN_INFINITE_RECURSION = YES;
				CLANG_WARN_INT_CONVERSION = YES;
				CLANG_WARN_NON_LITERAL_NULL_CONVERSION = YES;
				CLANG_WARN_OBJC_IMPLICIT_RETAIN_SELF = YES;
				CLANG_WARN_OBJC_LITERAL_CONVERSION = YES;
				CLANG_WARN_OBJC_ROOT_CLASS = YES_ERROR;
				CLANG_WARN_QUOTED_INCLUDE_IN_FRAMEWORK_HEADER = YES;
				CLANG_WARN_RANGE_LOOP_ANALYSIS = YES;
				CLANG_WARN_STRICT_PROTOTYPES = YES;
				CLANG_WARN_SUSPICIOUS_MOVE = YES;
				CLANG_WARN_UNGUARDED_AVAILABILITY = YES_AGGRESSIVE;
				CLANG_WARN_UNREACHABLE_CODE = YES;
				CLANG_WARN__DUPLICATE_METHOD_MATCH = YES;
				COPY_PHASE_STRIP = NO;
				DEBUG_INFORMATION_FORMAT = dwarf;
				ENABLE_STRICT_OBJC_MSGSEND = YES;
				ENABLE_TESTABILITY = YES;
				GCC_C_LANGUAGE_STANDARD = gnu11;
				GCC_DYNAMIC_NO_PIC = NO;
				GCC_NO_COMMON_BLOCKS = YES;
				GCC_OPTIMIZATION_LEVEL = 0;
				GCC_PREPROCESSOR_DEFINITIONS = (
					"DEBUG=1",
					"$(inherited)",
				);
				GCC_WARN_64_TO_32_BIT_CONVERSION = YES;
				GCC_WARN_ABOUT_RETURN_TYPE = YES_ERROR;
				GCC_WARN_UNDECLARED_SELECTOR = YES;
				GCC_WARN_UNINITIALIZED_AUTOS = YES_AGGRESSIVE;
				GCC_WARN_UNUSED_FUNCTION = YES;
				GCC_WARN_UNUSED_VARIABLE = YES;
				IPHONEOS_DEPLOYMENT_TARGET = 14.3;
				MTL_ENABLE_DEBUG_INFO = INCLUDE_SOURCE;
				MTL_FAST_MATH = YES;
				ONLY_ACTIVE_ARCH = YES;
				SDKROOT = iphoneos;
				SWIFT_ACTIVE_COMPILATION_CONDITIONS = DEBUG;
				SWIFT_OPTIMIZATION_LEVEL = "-Onone";
			};
			name = Debug;
		};
		537D6F98258A758200F6DDE7 /* Release */ = {
			isa = XCBuildConfiguration;
			buildSettings = {
				ALWAYS_SEARCH_USER_PATHS = NO;
				CLANG_ANALYZER_NONNULL = YES;
				CLANG_ANALYZER_NUMBER_OBJECT_CONVERSION = YES_AGGRESSIVE;
				CLANG_CXX_LANGUAGE_STANDARD = "gnu++14";
				CLANG_CXX_LIBRARY = "libc++";
				CLANG_ENABLE_MODULES = YES;
				CLANG_ENABLE_OBJC_ARC = YES;
				CLANG_ENABLE_OBJC_WEAK = YES;
				CLANG_WARN_BLOCK_CAPTURE_AUTORELEASING = YES;
				CLANG_WARN_BOOL_CONVERSION = YES;
				CLANG_WARN_COMMA = YES;
				CLANG_WARN_CONSTANT_CONVERSION = YES;
				CLANG_WARN_DEPRECATED_OBJC_IMPLEMENTATIONS = YES;
				CLANG_WARN_DIRECT_OBJC_ISA_USAGE = YES_ERROR;
				CLANG_WARN_DOCUMENTATION_COMMENTS = YES;
				CLANG_WARN_EMPTY_BODY = YES;
				CLANG_WARN_ENUM_CONVERSION = YES;
				CLANG_WARN_INFINITE_RECURSION = YES;
				CLANG_WARN_INT_CONVERSION = YES;
				CLANG_WARN_NON_LITERAL_NULL_CONVERSION = YES;
				CLANG_WARN_OBJC_IMPLICIT_RETAIN_SELF = YES;
				CLANG_WARN_OBJC_LITERAL_CONVERSION = YES;
				CLANG_WARN_OBJC_ROOT_CLASS = YES_ERROR;
				CLANG_WARN_QUOTED_INCLUDE_IN_FRAMEWORK_HEADER = YES;
				CLANG_WARN_RANGE_LOOP_ANALYSIS = YES;
				CLANG_WARN_STRICT_PROTOTYPES = YES;
				CLANG_WARN_SUSPICIOUS_MOVE = YES;
				CLANG_WARN_UNGUARDED_AVAILABILITY = YES_AGGRESSIVE;
				CLANG_WARN_UNREACHABLE_CODE = YES;
				CLANG_WARN__DUPLICATE_METHOD_MATCH = YES;
				COPY_PHASE_STRIP = NO;
				DEBUG_INFORMATION_FORMAT = "dwarf-with-dsym";
				ENABLE_NS_ASSERTIONS = NO;
				ENABLE_STRICT_OBJC_MSGSEND = YES;
				GCC_C_LANGUAGE_STANDARD = gnu11;
				GCC_NO_COMMON_BLOCKS = YES;
				GCC_WARN_64_TO_32_BIT_CONVERSION = YES;
				GCC_WARN_ABOUT_RETURN_TYPE = YES_ERROR;
				GCC_WARN_UNDECLARED_SELECTOR = YES;
				GCC_WARN_UNINITIALIZED_AUTOS = YES_AGGRESSIVE;
				GCC_WARN_UNUSED_FUNCTION = YES;
				GCC_WARN_UNUSED_VARIABLE = YES;
				IPHONEOS_DEPLOYMENT_TARGET = 14.3;
				MTL_ENABLE_DEBUG_INFO = NO;
				MTL_FAST_MATH = YES;
				SDKROOT = iphoneos;
				SWIFT_COMPILATION_MODE = wholemodule;
				SWIFT_OPTIMIZATION_LEVEL = "-O";
				VALIDATE_PRODUCT = YES;
			};
			name = Release;
		};
		537D6F9A258A758200F6DDE7 /* Debug */ = {
			isa = XCBuildConfiguration;
			buildSettings = {
				ALWAYS_EMBED_SWIFT_STANDARD_LIBRARIES = YES;
				ASSETCATALOG_COMPILER_APPICON_NAME = AppIcon;
				ASSETCATALOG_COMPILER_GLOBAL_ACCENT_COLOR_NAME = AccentColor;
				CODE_SIGN_ENTITLEMENTS = HypedList2iOS.entitlements;
				CODE_SIGN_STYLE = Automatic;
				DEVELOPMENT_ASSET_PATHS = "\"HypedList2/Preview Content\"";
				DEVELOPMENT_TEAM = 8GFL38QM4Q;
				ENABLE_PREVIEWS = YES;
				INFOPLIST_FILE = HypedList2/Info.plist;
				IPHONEOS_DEPLOYMENT_TARGET = 14.0;
				LD_RUNPATH_SEARCH_PATHS = (
					"$(inherited)",
					"@executable_path/Frameworks",
				);
				PRODUCT_BUNDLE_IDENTIFIER = com.CasaAdobeSoftware.HypedList2;
				PRODUCT_NAME = "$(TARGET_NAME)";
				SWIFT_VERSION = 5.0;
				TARGETED_DEVICE_FAMILY = "1,2";
			};
			name = Debug;
		};
		537D6F9B258A758200F6DDE7 /* Release */ = {
			isa = XCBuildConfiguration;
			buildSettings = {
				ALWAYS_EMBED_SWIFT_STANDARD_LIBRARIES = YES;
				ASSETCATALOG_COMPILER_APPICON_NAME = AppIcon;
				ASSETCATALOG_COMPILER_GLOBAL_ACCENT_COLOR_NAME = AccentColor;
				CODE_SIGN_ENTITLEMENTS = HypedList2iOS.entitlements;
				CODE_SIGN_STYLE = Automatic;
				DEVELOPMENT_ASSET_PATHS = "\"HypedList2/Preview Content\"";
				DEVELOPMENT_TEAM = 8GFL38QM4Q;
				ENABLE_PREVIEWS = YES;
				INFOPLIST_FILE = HypedList2/Info.plist;
				IPHONEOS_DEPLOYMENT_TARGET = 14.0;
				LD_RUNPATH_SEARCH_PATHS = (
					"$(inherited)",
					"@executable_path/Frameworks",
				);
				PRODUCT_BUNDLE_IDENTIFIER = com.CasaAdobeSoftware.HypedList2;
				PRODUCT_NAME = "$(TARGET_NAME)";
				SWIFT_VERSION = 5.0;
				TARGETED_DEVICE_FAMILY = "1,2";
			};
			name = Release;
		};
		53F20E9A25C0707500E202C5 /* Debug */ = {
			isa = XCBuildConfiguration;
			buildSettings = {
				ASSETCATALOG_COMPILER_COMPLICATION_NAME = Complication;
				CODE_SIGN_STYLE = Automatic;
				DEVELOPMENT_ASSET_PATHS = "\"HypedListWatch Extension/Preview Content\"";
				DEVELOPMENT_TEAM = 8GFL38QM4Q;
				ENABLE_PREVIEWS = YES;
				INFOPLIST_FILE = "HypedListWatch Extension/Info.plist";
				LD_RUNPATH_SEARCH_PATHS = (
					"$(inherited)",
					"@executable_path/Frameworks",
					"@executable_path/../../Frameworks",
				);
				PRODUCT_BUNDLE_IDENTIFIER = com.CasaAdobeSoftware.HypedList2.watchkitapp.watchkitextension;
				PRODUCT_NAME = "${TARGET_NAME}";
				SDKROOT = watchos;
				SKIP_INSTALL = YES;
				SWIFT_VERSION = 5.0;
				TARGETED_DEVICE_FAMILY = 4;
				WATCHOS_DEPLOYMENT_TARGET = 7.2;
			};
			name = Debug;
		};
		53F20E9B25C0707500E202C5 /* Release */ = {
			isa = XCBuildConfiguration;
			buildSettings = {
				ASSETCATALOG_COMPILER_COMPLICATION_NAME = Complication;
				CODE_SIGN_STYLE = Automatic;
				DEVELOPMENT_ASSET_PATHS = "\"HypedListWatch Extension/Preview Content\"";
				DEVELOPMENT_TEAM = 8GFL38QM4Q;
				ENABLE_PREVIEWS = YES;
				INFOPLIST_FILE = "HypedListWatch Extension/Info.plist";
				LD_RUNPATH_SEARCH_PATHS = (
					"$(inherited)",
					"@executable_path/Frameworks",
					"@executable_path/../../Frameworks",
				);
				PRODUCT_BUNDLE_IDENTIFIER = com.CasaAdobeSoftware.HypedList2.watchkitapp.watchkitextension;
				PRODUCT_NAME = "${TARGET_NAME}";
				SDKROOT = watchos;
				SKIP_INSTALL = YES;
				SWIFT_VERSION = 5.0;
				TARGETED_DEVICE_FAMILY = 4;
				WATCHOS_DEPLOYMENT_TARGET = 7.2;
			};
			name = Release;
		};
		53F20E9E25C0707500E202C5 /* Debug */ = {
			isa = XCBuildConfiguration;
			buildSettings = {
				ALWAYS_EMBED_SWIFT_STANDARD_LIBRARIES = YES;
				ASSETCATALOG_COMPILER_APPICON_NAME = AppIcon;
				ASSETCATALOG_COMPILER_GLOBAL_ACCENT_COLOR_NAME = AccentColor;
				CODE_SIGN_STYLE = Automatic;
				DEVELOPMENT_TEAM = 8GFL38QM4Q;
				IBSC_MODULE = HypedListWatch_Extension;
				INFOPLIST_FILE = HypedListWatch/Info.plist;
				PRODUCT_BUNDLE_IDENTIFIER = com.CasaAdobeSoftware.HypedList2.watchkitapp;
				PRODUCT_NAME = "$(TARGET_NAME)";
				SDKROOT = watchos;
				SKIP_INSTALL = YES;
				SWIFT_VERSION = 5.0;
				TARGETED_DEVICE_FAMILY = 4;
				WATCHOS_DEPLOYMENT_TARGET = 7.2;
			};
			name = Debug;
		};
		53F20E9F25C0707500E202C5 /* Release */ = {
			isa = XCBuildConfiguration;
			buildSettings = {
				ALWAYS_EMBED_SWIFT_STANDARD_LIBRARIES = YES;
				ASSETCATALOG_COMPILER_APPICON_NAME = AppIcon;
				ASSETCATALOG_COMPILER_GLOBAL_ACCENT_COLOR_NAME = AccentColor;
				CODE_SIGN_STYLE = Automatic;
				DEVELOPMENT_TEAM = 8GFL38QM4Q;
				IBSC_MODULE = HypedListWatch_Extension;
				INFOPLIST_FILE = HypedListWatch/Info.plist;
				PRODUCT_BUNDLE_IDENTIFIER = com.CasaAdobeSoftware.HypedList2.watchkitapp;
				PRODUCT_NAME = "$(TARGET_NAME)";
				SDKROOT = watchos;
				SKIP_INSTALL = YES;
				SWIFT_VERSION = 5.0;
				TARGETED_DEVICE_FAMILY = 4;
				WATCHOS_DEPLOYMENT_TARGET = 7.2;
			};
			name = Release;
		};
/* End XCBuildConfiguration section */

/* Begin XCConfigurationList section */
		5321FB0325A353E100B5DA9D /* Build configuration list for PBXNativeTarget "HypedList2iOSWidgetExtension" */ = {
			isa = XCConfigurationList;
			buildConfigurations = (
				5321FB0425A353E100B5DA9D /* Debug */,
				5321FB0525A353E100B5DA9D /* Release */,
			);
			defaultConfigurationIsVisible = 0;
			defaultConfigurationName = Release;
		};
		537D6F85258A757F00F6DDE7 /* Build configuration list for PBXProject "HypedList2" */ = {
			isa = XCConfigurationList;
			buildConfigurations = (
				537D6F97258A758200F6DDE7 /* Debug */,
				537D6F98258A758200F6DDE7 /* Release */,
			);
			defaultConfigurationIsVisible = 0;
			defaultConfigurationName = Release;
		};
		537D6F99258A758200F6DDE7 /* Build configuration list for PBXNativeTarget "HypedList2iOS" */ = {
			isa = XCConfigurationList;
			buildConfigurations = (
				537D6F9A258A758200F6DDE7 /* Debug */,
				537D6F9B258A758200F6DDE7 /* Release */,
			);
			defaultConfigurationIsVisible = 0;
			defaultConfigurationName = Release;
		};
		53F20E9925C0707500E202C5 /* Build configuration list for PBXNativeTarget "HypedListWatch Extension" */ = {
			isa = XCConfigurationList;
			buildConfigurations = (
				53F20E9A25C0707500E202C5 /* Debug */,
				53F20E9B25C0707500E202C5 /* Release */,
			);
			defaultConfigurationIsVisible = 0;
			defaultConfigurationName = Release;
		};
		53F20E9D25C0707500E202C5 /* Build configuration list for PBXNativeTarget "HypedListWatch" */ = {
			isa = XCConfigurationList;
			buildConfigurations = (
				53F20E9E25C0707500E202C5 /* Debug */,
				53F20E9F25C0707500E202C5 /* Release */,
			);
			defaultConfigurationIsVisible = 0;
			defaultConfigurationName = Release;
		};
/* End XCConfigurationList section */

/* Begin XCRemoteSwiftPackageReference section */
		538CF2AB2592951100A7360F /* XCRemoteSwiftPackageReference "UIColor-Hex-Swift" */ = {
			isa = XCRemoteSwiftPackageReference;
			repositoryURL = "https://github.com/yeahdongcn/UIColor-Hex-Swift.git";
			requirement = {
				kind = upToNextMajorVersion;
				minimumVersion = 5.1.1;
			};
		};
		53A8BDBE258BC18D009D7468 /* XCRemoteSwiftPackageReference "SwiftDate" */ = {
			isa = XCRemoteSwiftPackageReference;
			repositoryURL = "https://github.com/malcommac/SwiftDate.git";
			requirement = {
				kind = upToNextMajorVersion;
				minimumVersion = 6.3.1;
			};
		};
/* End XCRemoteSwiftPackageReference section */

/* Begin XCSwiftPackageProductDependency section */
		5357629625A3DD9700F529A8 /* UIColor_Hex_Swift */ = {
			isa = XCSwiftPackageProductDependency;
			package = 538CF2AB2592951100A7360F /* XCRemoteSwiftPackageReference "UIColor-Hex-Swift" */;
			productName = UIColor_Hex_Swift;
		};
		5357629825A3DE6200F529A8 /* SwiftDate */ = {
			isa = XCSwiftPackageProductDependency;
			package = 53A8BDBE258BC18D009D7468 /* XCRemoteSwiftPackageReference "SwiftDate" */;
			productName = SwiftDate;
		};
		538CF2AC2592951100A7360F /* UIColor_Hex_Swift */ = {
			isa = XCSwiftPackageProductDependency;
			package = 538CF2AB2592951100A7360F /* XCRemoteSwiftPackageReference "UIColor-Hex-Swift" */;
			productName = UIColor_Hex_Swift;
		};
		53A8BDC1258BC65F009D7468 /* SwiftDate */ = {
			isa = XCSwiftPackageProductDependency;
			package = 53A8BDBE258BC18D009D7468 /* XCRemoteSwiftPackageReference "SwiftDate" */;
			productName = SwiftDate;
		};
		53F20EC425C074B500E202C5 /* SwiftDate */ = {
			isa = XCSwiftPackageProductDependency;
			package = 53A8BDBE258BC18D009D7468 /* XCRemoteSwiftPackageReference "SwiftDate" */;
			productName = SwiftDate;
		};
		53F20EC625C074BD00E202C5 /* UIColor_Hex_Swift */ = {
			isa = XCSwiftPackageProductDependency;
			package = 538CF2AB2592951100A7360F /* XCRemoteSwiftPackageReference "UIColor-Hex-Swift" */;
			productName = UIColor_Hex_Swift;
		};
/* End XCSwiftPackageProductDependency section */
	};
	rootObject = 537D6F82258A757F00F6DDE7 /* Project object */;
}
